
Microsoft Visual Studio Solution File, Format Version 12.00
# Visual Studio Version 17
VisualStudioVersion = 17.5.002.0
MinimumVisualStudioVersion = 10.0.40219.1
Project("{9A19103F-16F7-4668-BE54-9A1E7A4F7556}") = "WebScraper2", "WebScraper2.csproj", "{AD3885B5-B152-4BE5-97C2-DCFC2E84C6CE}"
EndProject
Global
	GlobalSection(SolutionConfigurationPlatforms) = preSolution
		Debug|Any CPU = Debug|Any CPU
		Release|Any CPU = Release|Any CPU
	EndGlobalSection
	GlobalSection(ProjectConfigurationPlatforms) = postSolution
		{AD3885B5-B152-4BE5-97C2-DCFC2E84C6CE}.Debug|Any CPU.ActiveCfg = Debug|Any CPU
		{AD3885B5-B152-4BE5-97C2-DCFC2E84C6CE}.Debug|Any CPU.Build.0 = Debug|Any CPU
		{AD3885B5-B152-4BE5-97C2-DCFC2E84C6CE}.Release|Any CPU.ActiveCfg = Release|Any CPU
		{AD3885B5-B152-4BE5-97C2-DCFC2E84C6CE}.Release|Any CPU.Build.0 = Release|Any CPU
	EndGlobalSection
	GlobalSection(SolutionProperties) = preSolution
		HideSolutionNode = FALSE
	EndGlobalSection
	GlobalSection(ExtensibilityGlobals) = postSolution
		SolutionGuid = {97C6DAF6-4E9E-422B-9C5F-351D9FDE576D}
	EndGlobalSection
EndGlobal
